
Microsoft Visual Studio Solution File, Format Version 12.00
# Visual Studio Version 17
VisualStudioVersion = 17.9.34728.123
MinimumVisualStudioVersion = 10.0.40219.1
Project("{FAE04EC0-301F-11D3-BF4B-00C04F79EFBC}") = "Task 2", "Task 1\Task 2.csproj", "{F2F4B3AB-1D5B-4D68-BE79-131CFAB23632}"
EndProject
Project("{FAE04EC0-301F-11D3-BF4B-00C04F79EFBC}") = "Task 3", "Task 3\Task 3.csproj", "{7F04D818-7007-4AA7-8542-11603A17294B}"
EndProject
Global
	GlobalSection(SolutionConfigurationPlatforms) = preSolution
		Debug|Any CPU = Debug|Any CPU
		Release|Any CPU = Release|Any CPU
	EndGlobalSection
	GlobalSection(ProjectConfigurationPlatforms) = postSolution
		{F2F4B3AB-1D5B-4D68-BE79-131CFAB23632}.Debug|Any CPU.ActiveCfg = Debug|Any CPU
		{F2F4B3AB-1D5B-4D68-BE79-131CFAB23632}.Debug|Any CPU.Build.0 = Debug|Any CPU
		{F2F4B3AB-1D5B-4D68-BE79-131CFAB23632}.Release|Any CPU.ActiveCfg = Release|Any CPU
		{F2F4B3AB-1D5B-4D68-BE79-131CFAB23632}.Release|Any CPU.Build.0 = Release|Any CPU
		{7F04D818-7007-4AA7-8542-11603A17294B}.Debug|Any CPU.ActiveCfg = Debug|Any CPU
		{7F04D818-7007-4AA7-8542-11603A17294B}.Debug|Any CPU.Build.0 = Debug|Any CPU
		{7F04D818-7007-4AA7-8542-11603A17294B}.Release|Any CPU.ActiveCfg = Release|Any CPU
		{7F04D818-7007-4AA7-8542-11603A17294B}.Release|Any CPU.Build.0 = Release|Any CPU
	EndGlobalSection
	GlobalSection(SolutionProperties) = preSolution
		HideSolutionNode = FALSE
	EndGlobalSection
	GlobalSection(ExtensibilityGlobals) = postSolution
		SolutionGuid = {5C16AA8C-2B25-48D1-87AF-FD1BD6C3FA54}
	EndGlobalSection
EndGlobal
